// !$*UTF8*$!
{
	archiveVersion = 1;
	classes = {
	};
	objectVersion = 50;
	objects = {

/* Begin PBXBuildFile section */
		D13FBDDFC31A2476E77BA61F /* Pods_Todoey.framework in Frameworks */ = {isa = PBXBuildFile; fileRef = 6D995C49A7989472C935D386 /* Pods_Todoey.framework */; };
		F85395CE224ACB5700F19FA3 /* AppDelegate.swift in Sources */ = {isa = PBXBuildFile; fileRef = F85395CD224ACB5700F19FA3 /* AppDelegate.swift */; };
		F85395D0224ACB5700F19FA3 /* TodoListViewController.swift in Sources */ = {isa = PBXBuildFile; fileRef = F85395CF224ACB5700F19FA3 /* TodoListViewController.swift */; };
		F85395D3224ACB5700F19FA3 /* Main.storyboard in Resources */ = {isa = PBXBuildFile; fileRef = F85395D1224ACB5700F19FA3 /* Main.storyboard */; };
		F85395D5224ACB5700F19FA3 /* Assets.xcassets in Resources */ = {isa = PBXBuildFile; fileRef = F85395D4224ACB5700F19FA3 /* Assets.xcassets */; };
		F85395D8224ACB5700F19FA3 /* LaunchScreen.storyboard in Resources */ = {isa = PBXBuildFile; fileRef = F85395D6224ACB5700F19FA3 /* LaunchScreen.storyboard */; };
		F8A6684D224B0CF200A22585 /* Todoey.swift in Sources */ = {isa = PBXBuildFile; fileRef = F8A6684C224B0CF200A22585 /* Todoey.swift */; };
		F8A66850224B390100A22585 /* DataModel.xcdatamodeld in Sources */ = {isa = PBXBuildFile; fileRef = F8A6684E224B390100A22585 /* DataModel.xcdatamodeld */; };
/* End PBXBuildFile section */

/* Begin PBXFileReference section */
		1FF75173A9BA862C0EEB0C91 /* Pods-Todoey.release.xcconfig */ = {isa = PBXFileReference; includeInIndex = 1; lastKnownFileType = text.xcconfig; name = "Pods-Todoey.release.xcconfig"; path = "Target Support Files/Pods-Todoey/Pods-Todoey.release.xcconfig"; sourceTree = "<group>"; };
		6D995C49A7989472C935D386 /* Pods_Todoey.framework */ = {isa = PBXFileReference; explicitFileType = wrapper.framework; includeInIndex = 0; path = Pods_Todoey.framework; sourceTree = BUILT_PRODUCTS_DIR; };
		D00D36F2BDBD097622D9521F /* Pods-Todoey.debug.xcconfig */ = {isa = PBXFileReference; includeInIndex = 1; lastKnownFileType = text.xcconfig; name = "Pods-Todoey.debug.xcconfig"; path = "Target Support Files/Pods-Todoey/Pods-Todoey.debug.xcconfig"; sourceTree = "<group>"; };
		F85395CA224ACB5600F19FA3 /* Todoey.app */ = {isa = PBXFileReference; explicitFileType = wrapper.application; includeInIndex = 0; path = Todoey.app; sourceTree = BUILT_PRODUCTS_DIR; };
		F85395CD224ACB5700F19FA3 /* AppDelegate.swift */ = {isa = PBXFileReference; lastKnownFileType = sourcecode.swift; path = AppDelegate.swift; sourceTree = "<group>"; };
		F85395CF224ACB5700F19FA3 /* TodoListViewController.swift */ = {isa = PBXFileReference; lastKnownFileType = sourcecode.swift; path = TodoListViewController.swift; sourceTree = "<group>"; };
		F85395D2224ACB5700F19FA3 /* Base */ = {isa = PBXFileReference; lastKnownFileType = file.storyboard; name = Base; path = Base.lproj/Main.storyboard; sourceTree = "<group>"; };
		F85395D4224ACB5700F19FA3 /* Assets.xcassets */ = {isa = PBXFileReference; lastKnownFileType = folder.assetcatalog; path = Assets.xcassets; sourceTree = "<group>"; };
		F85395D7224ACB5700F19FA3 /* Base */ = {isa = PBXFileReference; lastKnownFileType = file.storyboard; name = Base; path = Base.lproj/LaunchScreen.storyboard; sourceTree = "<group>"; };
		F85395D9224ACB5700F19FA3 /* Info.plist */ = {isa = PBXFileReference; lastKnownFileType = text.plist.xml; path = Info.plist; sourceTree = "<group>"; };
		F8A6684C224B0CF200A22585 /* Todoey.swift */ = {isa = PBXFileReference; lastKnownFileType = sourcecode.swift; path = Todoey.swift; sourceTree = "<group>"; };
		F8A6684F224B390100A22585 /* DataModel.xcdatamodel */ = {isa = PBXFileReference; lastKnownFileType = wrapper.xcdatamodel; path = DataModel.xcdatamodel; sourceTree = "<group>"; };
/* End PBXFileReference section */

/* Begin PBXFrameworksBuildPhase section */
		F85395C7224ACB5600F19FA3 /* Frameworks */ = {
			isa = PBXFrameworksBuildPhase;
			buildActionMask = 2147483647;
			files = (
				D13FBDDFC31A2476E77BA61F /* Pods_Todoey.framework in Frameworks */,
			);
			runOnlyForDeploymentPostprocessing = 0;
		};
/* End PBXFrameworksBuildPhase section */

/* Begin PBXGroup section */
		5072B8C204C80B6875BE295D /* Pods */ = {
			isa = PBXGroup;
			children = (
				D00D36F2BDBD097622D9521F /* Pods-Todoey.debug.xcconfig */,
				1FF75173A9BA862C0EEB0C91 /* Pods-Todoey.release.xcconfig */,
			);
			path = Pods;
			sourceTree = "<group>";
		};
		A39F5535D5402160D6513959 /* Frameworks */ = {
			isa = PBXGroup;
			children = (
				6D995C49A7989472C935D386 /* Pods_Todoey.framework */,
			);
			name = Frameworks;
			sourceTree = "<group>";
		};
		F85395C1224ACB5600F19FA3 = {
			isa = PBXGroup;
			children = (
				F85395CC224ACB5700F19FA3 /* Todoey */,
				F85395CB224ACB5700F19FA3 /* Products */,
				5072B8C204C80B6875BE295D /* Pods */,
				A39F5535D5402160D6513959 /* Frameworks */,
			);
			sourceTree = "<group>";
		};
		F85395CB224ACB5700F19FA3 /* Products */ = {
			isa = PBXGroup;
			children = (
				F85395CA224ACB5600F19FA3 /* Todoey.app */,
			);
			name = Products;
			sourceTree = "<group>";
		};
		F85395CC224ACB5700F19FA3 /* Todoey */ = {
			isa = PBXGroup;
			children = (
				F8A66854224B39C800A22585 /* Supporting Files */,
				F8A66853224B395200A22585 /* Controllers */,
				F8A66851224B392000A22585 /* Models */,
				F8A66852224B394600A22585 /* Views */,
				F85395CD224ACB5700F19FA3 /* AppDelegate.swift */,
				F85395D4224ACB5700F19FA3 /* Assets.xcassets */,
				F85395D6224ACB5700F19FA3 /* LaunchScreen.storyboard */,
			);
			path = Todoey;
			sourceTree = "<group>";
		};
		F8A66851224B392000A22585 /* Models */ = {
			isa = PBXGroup;
			children = (
				F8A6684C224B0CF200A22585 /* Todoey.swift */,
				F8A6684E224B390100A22585 /* DataModel.xcdatamodeld */,
			);
			path = Models;
			sourceTree = "<group>";
		};
		F8A66852224B394600A22585 /* Views */ = {
			isa = PBXGroup;
			children = (
				F85395D1224ACB5700F19FA3 /* Main.storyboard */,
			);
			path = Views;
			sourceTree = "<group>";
		};
		F8A66853224B395200A22585 /* Controllers */ = {
			isa = PBXGroup;
			children = (
				F85395CF224ACB5700F19FA3 /* TodoListViewController.swift */,
			);
			path = Controllers;
			sourceTree = "<group>";
		};
		F8A66854224B39C800A22585 /* Supporting Files */ = {
			isa = PBXGroup;
			children = (
				F85395D9224ACB5700F19FA3 /* Info.plist */,
			);
			path = "Supporting Files";
			sourceTree = "<group>";
		};
/* End PBXGroup section */

/* Begin PBXNativeTarget section */
		F85395C9224ACB5600F19FA3 /* Todoey */ = {
			isa = PBXNativeTarget;
			buildConfigurationList = F85395DC224ACB5700F19FA3 /* Build configuration list for PBXNativeTarget "Todoey" */;
			buildPhases = (
				6EA9177B04B7F664AE896E18 /* [CP] Check Pods Manifest.lock */,
				F85395C6224ACB5600F19FA3 /* Sources */,
				F85395C7224ACB5600F19FA3 /* Frameworks */,
				F85395C8224ACB5600F19FA3 /* Resources */,
			);
			buildRules = (
			);
			dependencies = (
			);
			name = Todoey;
			productName = Todoey;
			productReference = F85395CA224ACB5600F19FA3 /* Todoey.app */;
			productType = "com.apple.product-type.application";
		};
/* End PBXNativeTarget section */

/* Begin PBXProject section */
		F85395C2224ACB5600F19FA3 /* Project object */ = {
			isa = PBXProject;
			attributes = {
				LastSwiftUpdateCheck = 1020;
				LastUpgradeCheck = 1020;
				ORGANIZATIONNAME = "Megan Sharon";
				TargetAttributes = {
					F85395C9224ACB5600F19FA3 = {
						CreatedOnToolsVersion = 10.2;
					};
				};
			};
			buildConfigurationList = F85395C5224ACB5600F19FA3 /* Build configuration list for PBXProject "Todoey" */;
			compatibilityVersion = "Xcode 9.3";
			developmentRegion = en;
			hasScannedForEncodings = 0;
			knownRegions = (
				en,
				Base,
			);
			mainGroup = F85395C1224ACB5600F19FA3;
			productRefGroup = F85395CB224ACB5700F19FA3 /* Products */;
			projectDirPath = "";
			projectRoot = "";
			targets = (
				F85395C9224ACB5600F19FA3 /* Todoey */,
			);
		};
/* End PBXProject section */

/* Begin PBXResourcesBuildPhase section */
		F85395C8224ACB5600F19FA3 /* Resources */ = {
			isa = PBXResourcesBuildPhase;
			buildActionMask = 2147483647;
			files = (
				F85395D8224ACB5700F19FA3 /* LaunchScreen.storyboard in Resources */,
				F85395D5224ACB5700F19FA3 /* Assets.xcassets in Resources */,
				F85395D3224ACB5700F19FA3 /* Main.storyboard in Resources */,
			);
			runOnlyForDeploymentPostprocessing = 0;
		};
/* End PBXResourcesBuildPhase section */

/* Begin PBXShellScriptBuildPhase section */
		6EA9177B04B7F664AE896E18 /* [CP] Check Pods Manifest.lock */ = {
			isa = PBXShellScriptBuildPhase;
			buildActionMask = 2147483647;
			files = (
			);
			inputFileListPaths = (
			);
			inputPaths = (
				"${PODS_PODFILE_DIR_PATH}/Podfile.lock",
				"${PODS_ROOT}/Manifest.lock",
			);
			name = "[CP] Check Pods Manifest.lock";
			outputFileListPaths = (
			);
			outputPaths = (
				"$(DERIVED_FILE_DIR)/Pods-Todoey-checkManifestLockResult.txt",
			);
			runOnlyForDeploymentPostprocessing = 0;
			shellPath = /bin/sh;
			shellScript = "diff \"${PODS_PODFILE_DIR_PATH}/Podfile.lock\" \"${PODS_ROOT}/Manifest.lock\" > /dev/null\nif [ $? != 0 ] ; then\n    # print error to STDERR\n    echo \"error: The sandbox is not in sync with the Podfile.lock. Run 'pod install' or update your CocoaPods installation.\" >&2\n    exit 1\nfi\n# This output is used by Xcode 'outputs' to avoid re-running this script phase.\necho \"SUCCESS\" > \"${SCRIPT_OUTPUT_FILE_0}\"\n";
			showEnvVarsInLog = 0;
		};
/* End PBXShellScriptBuildPhase section */

/* Begin PBXSourcesBuildPhase section */
		F85395C6224ACB5600F19FA3 /* Sources */ = {
			isa = PBXSourcesBuildPhase;
			buildActionMask = 2147483647;
			files = (
				F8A6684D224B0CF200A22585 /* Todoey.swift in Sources */,
				F8A66850224B390100A22585 /* DataModel.xcdatamodeld in Sources */,
				F85395D0224ACB5700F19FA3 /* TodoListViewController.swift in Sources */,
				F85395CE224ACB5700F19FA3 /* AppDelegate.swift in Sources */,
			);
			runOnlyForDeploymentPostprocessing = 0;
		};
/* End PBXSourcesBuildPhase section */

/* Begin PBXVariantGroup section */
		F85395D1224ACB5700F19FA3 /* Main.storyboard */ = {
			isa = PBXVariantGroup;
			children = (
				F85395D2224ACB5700F19FA3 /* Base */,
			);
			name = Main.storyboard;
			sourceTree = "<group>";
		};
		F85395D6224ACB5700F19FA3 /* LaunchScreen.storyboard */ = {
			isa = PBXVariantGroup;
			children = (
				F85395D7224ACB5700F19FA3 /* Base */,
			);
			name = LaunchScreen.storyboard;
			sourceTree = "<group>";
		};
/* End PBXVariantGroup section */

/* Begin XCBuildConfiguration section */
		F85395DA224ACB5700F19FA3 /* Debug */ = {
			isa = XCBuildConfiguration;
			buildSettings = {
				ALWAYS_SEARCH_USER_PATHS = NO;
				CLANG_ANALYZER_NONNULL = YES;
				CLANG_ANALYZER_NUMBER_OBJECT_CONVERSION = YES_AGGRESSIVE;
				CLANG_CXX_LANGUAGE_STANDARD = "gnu++14";
				CLANG_CXX_LIBRARY = "libc++";
				CLANG_ENABLE_MODULES = YES;
				CLANG_ENABLE_OBJC_ARC = YES;
				CLANG_ENABLE_OBJC_WEAK = YES;
				CLANG_WARN_BLOCK_CAPTURE_AUTORELEASING = YES;
				CLANG_WARN_BOOL_CONVERSION = YES;
				CLANG_WARN_COMMA = YES;
				CLANG_WARN_CONSTANT_CONVERSION = YES;
				CLANG_WARN_DEPRECATED_OBJC_IMPLEMENTATIONS = YES;
				CLANG_WARN_DIRECT_OBJC_ISA_USAGE = YES_ERROR;
				CLANG_WARN_DOCUMENTATION_COMMENTS = YES;
				CLANG_WARN_EMPTY_BODY = YES;
				CLANG_WARN_ENUM_CONVERSION = YES;
				CLANG_WARN_INFINITE_RECURSION = YES;
				CLANG_WARN_INT_CONVERSION = YES;
				CLANG_WARN_NON_LITERAL_NULL_CONVERSION = YES;
				CLANG_WARN_OBJC_IMPLICIT_RETAIN_SELF = YES;
				CLANG_WARN_OBJC_LITERAL_CONVERSION = YES;
				CLANG_WARN_OBJC_ROOT_CLASS = YES_ERROR;
				CLANG_WARN_RANGE_LOOP_ANALYSIS = YES;
				CLANG_WARN_STRICT_PROTOTYPES = YES;
				CLANG_WARN_SUSPICIOUS_MOVE = YES;
				CLANG_WARN_UNGUARDED_AVAILABILITY = YES_AGGRESSIVE;
				CLANG_WARN_UNREACHABLE_CODE = YES;
				CLANG_WARN__DUPLICATE_METHOD_MATCH = YES;
				CODE_SIGN_IDENTITY = "iPhone Developer";
				COPY_PHASE_STRIP = NO;
				DEBUG_INFORMATION_FORMAT = dwarf;
				ENABLE_STRICT_OBJC_MSGSEND = YES;
				ENABLE_TESTABILITY = YES;
				GCC_C_LANGUAGE_STANDARD = gnu11;
				GCC_DYNAMIC_NO_PIC = NO;
				GCC_NO_COMMON_BLOCKS = YES;
				GCC_OPTIMIZATION_LEVEL = 0;
				GCC_PREPROCESSOR_DEFINITIONS = (
					"DEBUG=1",
					"$(inherited)",
				);
				GCC_WARN_64_TO_32_BIT_CONVERSION = YES;
				GCC_WARN_ABOUT_RETURN_TYPE = YES_ERROR;
				GCC_WARN_UNDECLARED_SELECTOR = YES;
				GCC_WARN_UNINITIALIZED_AUTOS = YES_AGGRESSIVE;
				GCC_WARN_UNUSED_FUNCTION = YES;
				GCC_WARN_UNUSED_VARIABLE = YES;
				IPHONEOS_DEPLOYMENT_TARGET = 12.2;
				MTL_ENABLE_DEBUG_INFO = INCLUDE_SOURCE;
				MTL_FAST_MATH = YES;
				ONLY_ACTIVE_ARCH = YES;
				SDKROOT = iphoneos;
				SWIFT_ACTIVE_COMPILATION_CONDITIONS = DEBUG;
				SWIFT_OPTIMIZATION_LEVEL = "-Onone";
			};
			name = Debug;
		};
		F85395DB224ACB5700F19FA3 /* Release */ = {
			isa = XCBuildConfiguration;
			buildSettings = {
				ALWAYS_SEARCH_USER_PATHS = NO;
				CLANG_ANALYZER_NONNULL = YES;
				CLANG_ANALYZER_NUMBER_OBJECT_CONVERSION = YES_AGGRESSIVE;
				CLANG_CXX_LANGUAGE_STANDARD = "gnu++14";
				CLANG_CXX_LIBRARY = "libc++";
				CLANG_ENABLE_MODULES = YES;
				CLANG_ENABLE_OBJC_ARC = YES;
				CLANG_ENABLE_OBJC_WEAK = YES;
				CLANG_WARN_BLOCK_CAPTURE_AUTORELEASING = YES;
				CLANG_WARN_BOOL_CONVERSION = YES;
				CLANG_WARN_COMMA = YES;
				CLANG_WARN_CONSTANT_CONVERSION = YES;
				CLANG_WARN_DEPRECATED_OBJC_IMPLEMENTATIONS = YES;
				CLANG_WARN_DIRECT_OBJC_ISA_USAGE = YES_ERROR;
				CLANG_WARN_DOCUMENTATION_COMMENTS = YES;
				CLANG_WARN_EMPTY_BODY = YES;
				CLANG_WARN_ENUM_CONVERSION = YES;
				CLANG_WARN_INFINITE_RECURSION = YES;
				CLANG_WARN_INT_CONVERSION = YES;
				CLANG_WARN_NON_LITERAL_NULL_CONVERSION = YES;
				CLANG_WARN_OBJC_IMPLICIT_RETAIN_SELF = YES;
				CLANG_WARN_OBJC_LITERAL_CONVERSION = YES;
				CLANG_WARN_OBJC_ROOT_CLASS = YES_ERROR;
				CLANG_WARN_RANGE_LOOP_ANALYSIS = YES;
				CLANG_WARN_STRICT_PROTOTYPES = YES;
				CLANG_WARN_SUSPICIOUS_MOVE = YES;
				CLANG_WARN_UNGUARDED_AVAILABILITY = YES_AGGRESSIVE;
				CLANG_WARN_UNREACHABLE_CODE = YES;
				CLANG_WARN__DUPLICATE_METHOD_MATCH = YES;
				CODE_SIGN_IDENTITY = "iPhone Developer";
				COPY_PHASE_STRIP = NO;
				DEBUG_INFORMATION_FORMAT = "dwarf-with-dsym";
				ENABLE_NS_ASSERTIONS = NO;
				ENABLE_STRICT_OBJC_MSGSEND = YES;
				GCC_C_LANGUAGE_STANDARD = gnu11;
				GCC_NO_COMMON_BLOCKS = YES;
				GCC_WARN_64_TO_32_BIT_CONVERSION = YES;
				GCC_WARN_ABOUT_RETURN_TYPE = YES_ERROR;
				GCC_WARN_UNDECLARED_SELECTOR = YES;
				GCC_WARN_UNINITIALIZED_AUTOS = YES_AGGRESSIVE;
				GCC_WARN_UNUSED_FUNCTION = YES;
				GCC_WARN_UNUSED_VARIABLE = YES;
				IPHONEOS_DEPLOYMENT_TARGET = 12.2;
				MTL_ENABLE_DEBUG_INFO = NO;
				MTL_FAST_MATH = YES;
				SDKROOT = iphoneos;
				SWIFT_COMPILATION_MODE = wholemodule;
				SWIFT_OPTIMIZATION_LEVEL = "-O";
				VALIDATE_PRODUCT = YES;
			};
			name = Release;
		};
		F85395DD224ACB5700F19FA3 /* Debug */ = {
			isa = XCBuildConfiguration;
			baseConfigurationReference = D00D36F2BDBD097622D9521F /* Pods-Todoey.debug.xcconfig */;
			buildSettings = {
				ASSETCATALOG_COMPILER_APPICON_NAME = AppIcon;
				CODE_SIGN_STYLE = Automatic;
				DEVELOPMENT_TEAM = F8D9857NK3;
				INFOPLIST_FILE = "$(SRCROOT)/Todoey/Supporting Files/Info.plist";
				LD_RUNPATH_SEARCH_PATHS = (
					"$(inherited)",
					"@executable_path/Frameworks",
				);
				PRODUCT_BUNDLE_IDENTIFIER = com.megansharon.Todoey;
				PRODUCT_NAME = "$(TARGET_NAME)";
				SWIFT_VERSION = 5.0;
				TARGETED_DEVICE_FAMILY = "1,2";
			};
			name = Debug;
		};
		F85395DE224ACB5700F19FA3 /* Release */ = {
			isa = XCBuildConfiguration;
			baseConfigurationReference = 1FF75173A9BA862C0EEB0C91 /* Pods-Todoey.release.xcconfig */;
			buildSettings = {
				ASSETCATALOG_COMPILER_APPICON_NAME = AppIcon;
				CODE_SIGN_STYLE = Automatic;
				DEVELOPMENT_TEAM = F8D9857NK3;
				INFOPLIST_FILE = "$(SRCROOT)/Todoey/Supporting Files/Info.plist";
				LD_RUNPATH_SEARCH_PATHS = (
					"$(inherited)",
					"@executable_path/Frameworks",
				);
				PRODUCT_BUNDLE_IDENTIFIER = com.megansharon.Todoey;
				PRODUCT_NAME = "$(TARGET_NAME)";
				SWIFT_VERSION = 5.0;
				TARGETED_DEVICE_FAMILY = "1,2";
			};
			name = Release;
		};
/* End XCBuildConfiguration section */

/* Begin XCConfigurationList section */
		F85395C5224ACB5600F19FA3 /* Build configuration list for PBXProject "Todoey" */ = {
			isa = XCConfigurationList;
			buildConfigurations = (
				F85395DA224ACB5700F19FA3 /* Debug */,
				F85395DB224ACB5700F19FA3 /* Release */,
			);
			defaultConfigurationIsVisible = 0;
			defaultConfigurationName = Release;
		};
		F85395DC224ACB5700F19FA3 /* Build configuration list for PBXNativeTarget "Todoey" */ = {
			isa = XCConfigurationList;
			buildConfigurations = (
				F85395DD224ACB5700F19FA3 /* Debug */,
				F85395DE224ACB5700F19FA3 /* Release */,
			);
			defaultConfigurationIsVisible = 0;
			defaultConfigurationName = Release;
		};
/* End XCConfigurationList section */

/* Begin XCVersionGroup section */
		F8A6684E224B390100A22585 /* DataModel.xcdatamodeld */ = {
			isa = XCVersionGroup;
			children = (
				F8A6684F224B390100A22585 /* DataModel.xcdatamodel */,
			);
			currentVersion = F8A6684F224B390100A22585 /* DataModel.xcdatamodel */;
			path = DataModel.xcdatamodeld;
			sourceTree = "<group>";
			versionGroupType = wrapper.xcdatamodel;
		};
/* End XCVersionGroup section */
	};
	rootObject = F85395C2224ACB5600F19FA3 /* Project object */;
}
